
Microsoft Visual Studio Solution File, Format Version 12.00
# Visual Studio Version 17
VisualStudioVersion = 17.13.35825.156 d17.13
MinimumVisualStudioVersion = 10.0.40219.1
Project("{FAE04EC0-301F-11D3-BF4B-00C04F79EFBC}") = "payfast.integration.poc", "payfast.integration.poc.csproj", "{0DCB4C1A-7674-43B9-87BD-33982D481294}"
EndProject
Global
	GlobalSection(SolutionConfigurationPlatforms) = preSolution
		Debug|Any CPU = Debug|Any CPU
		Release|Any CPU = Release|Any CPU
	EndGlobalSection
	GlobalSection(ProjectConfigurationPlatforms) = postSolution
		{0DCB4C1A-7674-43B9-87BD-33982D481294}.Debug|Any CPU.ActiveCfg = Debug|Any CPU
		{0DCB4C1A-7674-43B9-87BD-33982D481294}.Debug|Any CPU.Build.0 = Debug|Any CPU
		{0DCB4C1A-7674-43B9-87BD-33982D481294}.Release|Any CPU.ActiveCfg = Release|Any CPU
		{0DCB4C1A-7674-43B9-87BD-33982D481294}.Release|Any CPU.Build.0 = Release|Any CPU
	EndGlobalSection
	GlobalSection(SolutionProperties) = preSolution
		HideSolutionNode = FALSE
	EndGlobalSection
	GlobalSection(ExtensibilityGlobals) = postSolution
		SolutionGuid = {1EF3BDE8-5E7E-4F6E-A5DF-AEA7320B738B}
	EndGlobalSection
EndGlobal
